<?xml version="1.0" encoding="utf-8"?>
<Project ToolsVersion="4.0" xmlns="http://schemas.microsoft.com/developer/msbuild/2003">
  <ItemGroup>
    <Filter Include="Source Files">
      <UniqueIdentifier>{4FC737F1-C7A5-4376-A066-2A32D752A2FF}</UniqueIdentifier>
      <Extensions>cpp;c;cc;cxx;c++;cppm;ixx;def;odl;idl;hpj;bat;asm;asmx</Extensions>
    </Filter>
    <Filter Include="Header Files">
      <UniqueIdentifier>{93995380-89BD-4b04-88EB-625FBE52EBFB}</UniqueIdentifier>
      <Extensions>h;hh;hpp;hxx;h++;hm;inl;inc;ipp;xsd</Extensions>
    </Filter>
    <Filter Include="Resource Files">
      <UniqueIdentifier>{67DA6AB6-F800-4c08-8B7A-83BB121AAD01}</UniqueIdentifier>
      <Extensions>rc;ico;cur;bmp;dlg;rc2;rct;bin;rgs;gif;jpg;jpeg;jpe;resx;tiff;tif;png;wav;mfcribbon-ms</Extensions>
    </Filter>
    <Filter Include="Source Files\ui">
      <UniqueIdentifier>{02faa3b9-9734-4ba4-9f01-408487fea303}</UniqueIdentifier>
    </Filter>
    <Filter Include="Header Files\ui">
      <UniqueIdentifier>{ef450936-7ffd-498d-9f26-05561f0a2acb}</UniqueIdentifier>
    </Filter>
    <Filter Include="Source Files\SDLhelpers">
      <UniqueIdentifier>{88b1ab7e-29d4-46b4-bea6-167258b10369}</UniqueIdentifier>
    </Filter>
    <Filter Include="Header Files\SDLhelpers">
      <UniqueIdentifier>{63fe3f83-a452-4ba4-b483-4363d6cffb73}</UniqueIdentifier>
    </Filter>
    <Filter Include="Source Files\Resource">
      <UniqueIdentifier>{4c14a467-f08d-4d5f-bfe2-b5d0cda34e13}</UniqueIdentifier>
    </Filter>
    <Filter Include="Header Files\Resource">
      <UniqueIdentifier>{7ac2af0d-afb6-450d-b137-d57ab002ad49}</UniqueIdentifier>
    </Filter>
  </ItemGroup>
  <ItemGroup>
    <ClCompile Include="OctavianTest.cpp">
      <Filter>Source Files</Filter>
    </ClCompile>
    <ClCompile Include="Application.cpp">
      <Filter>Source Files</Filter>
    </ClCompile>
    <ClCompile Include="GamblingMachine.cpp">
      <Filter>Source Files</Filter>
    </ClCompile>
    <ClCompile Include="Slot.cpp">
      <Filter>Source Files</Filter>
    </ClCompile>
    <ClCompile Include="SlotDrum.cpp">
      <Filter>Source Files</Filter>
    </ClCompile>
    <ClCompile Include="Button.cpp">
      <Filter>Source Files\ui</Filter>
    </ClCompile>
    <ClCompile Include="Widget.cpp">
      <Filter>Source Files\ui</Filter>
    </ClCompile>
    <ClCompile Include="Image.cpp">
      <Filter>Source Files\ui</Filter>
    </ClCompile>
    <ClCompile Include="Label.cpp">
      <Filter>Source Files\ui</Filter>
    </ClCompile>
    <ClCompile Include="Drum.cpp">
      <Filter>Source Files</Filter>
    </ClCompile>
    <ClCompile Include="Text.cpp">
      <Filter>Source Files\SDLhelpers</Filter>
    </ClCompile>
    <ClCompile Include="Texture.cpp">
      <Filter>Source Files\SDLhelpers</Filter>
    </ClCompile>
    <ClCompile Include="ResourceManager.cpp">
      <Filter>Source Files\Resource</Filter>
    </ClCompile>
  </ItemGroup>
  <ItemGroup>
    <ClInclude Include="Application.h">
      <Filter>Header Files</Filter>
    </ClInclude>
    <ClInclude Include="GamblingMachine.h">
      <Filter>Header Files</Filter>
    </ClInclude>
    <ClInclude Include="Slot.h">
      <Filter>Header Files</Filter>
    </ClInclude>
    <ClInclude Include="SlotDrum.h">
      <Filter>Header Files</Filter>
    </ClInclude>
    <ClInclude Include="Button.h">
      <Filter>Header Files\ui</Filter>
    </ClInclude>
    <ClInclude Include="Widget.h">
      <Filter>Header Files\ui</Filter>
    </ClInclude>
    <ClInclude Include="Image.h">
      <Filter>Header Files\ui</Filter>
    </ClInclude>
    <ClInclude Include="Label.h">
      <Filter>Header Files\ui</Filter>
    </ClInclude>
    <ClInclude Include="Drum.h">
      <Filter>Header Files</Filter>
    </ClInclude>
    <ClInclude Include="Texture.h">
      <Filter>Header Files\SDLhelpers</Filter>
    </ClInclude>
    <ClInclude Include="Text.h">
      <Filter>Header Files\SDLhelpers</Filter>
    </ClInclude>
    <ClInclude Include="ResourceManager.h">
      <Filter>Header Files\Resource</Filter>
    </ClInclude>
  </ItemGroup>
</Project>